
Microsoft Visual Studio Solution File, Format Version 12.00
# Visual Studio Version 16
VisualStudioVersion = 16.0.31321.278
MinimumVisualStudioVersion = 10.0.40219.1
Project("{FAE04EC0-301F-11D3-BF4B-00C04F79EFBC}") = "QMCM", "QMCM\QMCM.csproj", "{6A28DD17-3190-4D17-A12B-DDE24A696327}"
EndProject
Global
	GlobalSection(SolutionConfigurationPlatforms) = preSolution
		Debug|Any CPU = Debug|Any CPU
		Release|Any CPU = Release|Any CPU
	EndGlobalSection
	GlobalSection(ProjectConfigurationPlatforms) = postSolution
		{6A28DD17-3190-4D17-A12B-DDE24A696327}.Debug|Any CPU.ActiveCfg = Debug|Any CPU
		{6A28DD17-3190-4D17-A12B-DDE24A696327}.Debug|Any CPU.Build.0 = Debug|Any CPU
		{6A28DD17-3190-4D17-A12B-DDE24A696327}.Release|Any CPU.ActiveCfg = Release|Any CPU
		{6A28DD17-3190-4D17-A12B-DDE24A696327}.Release|Any CPU.Build.0 = Release|Any CPU
	EndGlobalSection
	GlobalSection(SolutionProperties) = preSolution
		HideSolutionNode = FALSE
	EndGlobalSection
	GlobalSection(ExtensibilityGlobals) = postSolution
		SolutionGuid = {601B9E74-4604-4A31-8ED3-A10083C55A35}
	EndGlobalSection
EndGlobal
